
Microsoft Visual Studio Solution File, Format Version 12.00
# Visual Studio Version 17
VisualStudioVersion = 17.9.34714.143
MinimumVisualStudioVersion = 10.0.40219.1
Project("{FAE04EC0-301F-11D3-BF4B-00C04F79EFBC}") = "webapi1", "webapi1\webapi1.csproj", "{B4510277-3E4F-4D54-8D97-F583AE4A37B8}"
EndProject
Global
	GlobalSection(SolutionConfigurationPlatforms) = preSolution
		Debug|Any CPU = Debug|Any CPU
		Release|Any CPU = Release|Any CPU
	EndGlobalSection
	GlobalSection(ProjectConfigurationPlatforms) = postSolution
		{B4510277-3E4F-4D54-8D97-F583AE4A37B8}.Debug|Any CPU.ActiveCfg = Debug|Any CPU
		{B4510277-3E4F-4D54-8D97-F583AE4A37B8}.Debug|Any CPU.Build.0 = Debug|Any CPU
		{B4510277-3E4F-4D54-8D97-F583AE4A37B8}.Release|Any CPU.ActiveCfg = Release|Any CPU
		{B4510277-3E4F-4D54-8D97-F583AE4A37B8}.Release|Any CPU.Build.0 = Release|Any CPU
	EndGlobalSection
	GlobalSection(SolutionProperties) = preSolution
		HideSolutionNode = FALSE
	EndGlobalSection
	GlobalSection(ExtensibilityGlobals) = postSolution
		SolutionGuid = {51BDE8B3-4317-4768-B7CB-0DB9B4E7C1ED}
	EndGlobalSection
EndGlobal
